
Microsoft Visual Studio Solution File, Format Version 12.00
# Visual Studio 15
VisualStudioVersion = 15.0.28010.2050
MinimumVisualStudioVersion = 10.0.40219.1
Project("{9092AA53-FB77-4645-B42D-1CCCA6BD08BD}") = "HomeEstimate", "HomeEstimate\HomeEstimate.njsproj", "{C02FA292-D468-4268-BB3C-A4F4F4C81779}"
EndProject
Global
	GlobalSection(SolutionConfigurationPlatforms) = preSolution
		Debug|Any CPU = Debug|Any CPU
		Release|Any CPU = Release|Any CPU
	EndGlobalSection
	GlobalSection(ProjectConfigurationPlatforms) = postSolution
		{C02FA292-D468-4268-BB3C-A4F4F4C81779}.Debug|Any CPU.ActiveCfg = Debug|Any CPU
		{C02FA292-D468-4268-BB3C-A4F4F4C81779}.Debug|Any CPU.Build.0 = Debug|Any CPU
		{C02FA292-D468-4268-BB3C-A4F4F4C81779}.Release|Any CPU.ActiveCfg = Release|Any CPU
		{C02FA292-D468-4268-BB3C-A4F4F4C81779}.Release|Any CPU.Build.0 = Release|Any CPU
	EndGlobalSection
	GlobalSection(SolutionProperties) = preSolution
		HideSolutionNode = FALSE
	EndGlobalSection
	GlobalSection(ExtensibilityGlobals) = postSolution
		SolutionGuid = {666B5198-C810-441B-B963-8FF468A0C392}
	EndGlobalSection
EndGlobal
